
Microsoft Visual Studio Solution File, Format Version 12.00
# Visual Studio Version 16
VisualStudioVersion = 16.0.30225.117
MinimumVisualStudioVersion = 10.0.40219.1
Project("{FAE04EC0-301F-11D3-BF4B-00C04F79EFBC}") = "AspNetRazorDemo", "AspNetRazorDemo\AspNetRazorDemo.csproj", "{ADB489B5-798F-44B9-A987-3DD461EC3EE9}"
EndProject
Global
	GlobalSection(SolutionConfigurationPlatforms) = preSolution
		Debug|Any CPU = Debug|Any CPU
		Release|Any CPU = Release|Any CPU
	EndGlobalSection
	GlobalSection(ProjectConfigurationPlatforms) = postSolution
		{ADB489B5-798F-44B9-A987-3DD461EC3EE9}.Debug|Any CPU.ActiveCfg = Debug|Any CPU
		{ADB489B5-798F-44B9-A987-3DD461EC3EE9}.Debug|Any CPU.Build.0 = Debug|Any CPU
		{ADB489B5-798F-44B9-A987-3DD461EC3EE9}.Release|Any CPU.ActiveCfg = Release|Any CPU
		{ADB489B5-798F-44B9-A987-3DD461EC3EE9}.Release|Any CPU.Build.0 = Release|Any CPU
	EndGlobalSection
	GlobalSection(SolutionProperties) = preSolution
		HideSolutionNode = FALSE
	EndGlobalSection
	GlobalSection(ExtensibilityGlobals) = postSolution
		SolutionGuid = {98CDE791-5D79-4A96-AC5A-C667A0F299C7}
	EndGlobalSection
EndGlobal
